Microsoft Visual Studio Solution File, Format Version 12.00
# Visual Studio 15
VisualStudioVersion = 15.0.26124.0
MinimumVisualStudioVersion = 15.0.26124.0
Project("{9A19103F-16F7-4668-BE54-9A1E7A4F7556}") = "BigSorter", "BigSorter\BigSorter.csproj", "{0E57B544-9155-46F7-91BF-801F7875090A}"
EndProject
Project("{9A19103F-16F7-4668-BE54-9A1E7A4F7556}") = "BigSorter.Tests", "BigSorter.Tests\BigSorter.Tests.csproj", "{49562011-DDD5-4668-ABFA-116D652686E5}"
EndProject
Project("{9A19103F-16F7-4668-BE54-9A1E7A4F7556}") = "FileGenerator", "FileGenerator\FileGenerator.csproj", "{D2DD6436-5272-4B62-AD2C-A0712BAEE55B}"
EndProject
Global
	GlobalSection(SolutionConfigurationPlatforms) = preSolution
		Debug|Any CPU = Debug|Any CPU
		Debug|x64 = Debug|x64
		Debug|x86 = Debug|x86
		Release|Any CPU = Release|Any CPU
		Release|x64 = Release|x64
		Release|x86 = Release|x86
	EndGlobalSection
	GlobalSection(ProjectConfigurationPlatforms) = postSolution
		{0E57B544-9155-46F7-91BF-801F7875090A}.Debug|Any CPU.ActiveCfg = Debug|Any CPU
		{0E57B544-9155-46F7-91BF-801F7875090A}.Debug|Any CPU.Build.0 = Debug|Any CPU
		{0E57B544-9155-46F7-91BF-801F7875090A}.Debug|x64.ActiveCfg = Debug|Any CPU
		{0E57B544-9155-46F7-91BF-801F7875090A}.Debug|x64.Build.0 = Debug|Any CPU
		{0E57B544-9155-46F7-91BF-801F7875090A}.Debug|x86.ActiveCfg = Debug|Any CPU
		{0E57B544-9155-46F7-91BF-801F7875090A}.Debug|x86.Build.0 = Debug|Any CPU
		{0E57B544-9155-46F7-91BF-801F7875090A}.Release|Any CPU.ActiveCfg = Release|Any CPU
		{0E57B544-9155-46F7-91BF-801F7875090A}.Release|Any CPU.Build.0 = Release|Any CPU
		{0E57B544-9155-46F7-91BF-801F7875090A}.Release|x64.ActiveCfg = Release|Any CPU
		{0E57B544-9155-46F7-91BF-801F7875090A}.Release|x64.Build.0 = Release|Any CPU
		{0E57B544-9155-46F7-91BF-801F7875090A}.Release|x86.ActiveCfg = Release|Any CPU
		{0E57B544-9155-46F7-91BF-801F7875090A}.Release|x86.Build.0 = Release|Any CPU
		{49562011-DDD5-4668-ABFA-116D652686E5}.Debug|Any CPU.ActiveCfg = Debug|Any CPU
		{49562011-DDD5-4668-ABFA-116D652686E5}.Debug|Any CPU.Build.0 = Debug|Any CPU
		{49562011-DDD5-4668-ABFA-116D652686E5}.Debug|x64.ActiveCfg = Debug|Any CPU
		{49562011-DDD5-4668-ABFA-116D652686E5}.Debug|x64.Build.0 = Debug|Any CPU
		{49562011-DDD5-4668-ABFA-116D652686E5}.Debug|x86.ActiveCfg = Debug|Any CPU
		{49562011-DDD5-4668-ABFA-116D652686E5}.Debug|x86.Build.0 = Debug|Any CPU
		{49562011-DDD5-4668-ABFA-116D652686E5}.Release|Any CPU.ActiveCfg = Release|Any CPU
		{49562011-DDD5-4668-ABFA-116D652686E5}.Release|Any CPU.Build.0 = Release|Any CPU
		{49562011-DDD5-4668-ABFA-116D652686E5}.Release|x64.ActiveCfg = Release|Any CPU
		{49562011-DDD5-4668-ABFA-116D652686E5}.Release|x64.Build.0 = Release|Any CPU
		{49562011-DDD5-4668-ABFA-116D652686E5}.Release|x86.ActiveCfg = Release|Any CPU
		{49562011-DDD5-4668-ABFA-116D652686E5}.Release|x86.Build.0 = Release|Any CPU
		{D2DD6436-5272-4B62-AD2C-A0712BAEE55B}.Debug|Any CPU.ActiveCfg = Debug|Any CPU
		{D2DD6436-5272-4B62-AD2C-A0712BAEE55B}.Debug|Any CPU.Build.0 = Debug|Any CPU
		{D2DD6436-5272-4B62-AD2C-A0712BAEE55B}.Debug|x64.ActiveCfg = Debug|Any CPU
		{D2DD6436-5272-4B62-AD2C-A0712BAEE55B}.Debug|x64.Build.0 = Debug|Any CPU
		{D2DD6436-5272-4B62-AD2C-A0712BAEE55B}.Debug|x86.ActiveCfg = Debug|Any CPU
		{D2DD6436-5272-4B62-AD2C-A0712BAEE55B}.Debug|x86.Build.0 = Debug|Any CPU
		{D2DD6436-5272-4B62-AD2C-A0712BAEE55B}.Release|Any CPU.ActiveCfg = Release|Any CPU
		{D2DD6436-5272-4B62-AD2C-A0712BAEE55B}.Release|Any CPU.Build.0 = Release|Any CPU
		{D2DD6436-5272-4B62-AD2C-A0712BAEE55B}.Release|x64.ActiveCfg = Release|x64
		{D2DD6436-5272-4B62-AD2C-A0712BAEE55B}.Release|x64.Build.0 = Release|x64
		{D2DD6436-5272-4B62-AD2C-A0712BAEE55B}.Release|x86.ActiveCfg = Release|x86
		{D2DD6436-5272-4B62-AD2C-A0712BAEE55B}.Release|x86.Build.0 = Release|x86
	EndGlobalSection
EndGlobal
